
Microsoft Visual Studio Solution File, Format Version 10.00
# Visual C++ Express 2008
Project("{8BC9CEB8-8B4A-11D0-8D11-00A0C91BC942}") = "Open8055Demo", "Open8055Demo.vcproj", "{EF371DE4-B8F2-4CDD-A3C3-45C6251A3566}"
EndProject
Global
	GlobalSection(SolutionConfigurationPlatforms) = preSolution
		Debug|Win32 = Debug|Win32
		Release|Win32 = Release|Win32
	EndGlobalSection
	GlobalSection(ProjectConfigurationPlatforms) = postSolution
		{EF371DE4-B8F2-4CDD-A3C3-45C6251A3566}.Debug|Win32.ActiveCfg = Debug|Win32
		{EF371DE4-B8F2-4CDD-A3C3-45C6251A3566}.Debug|Win32.Build.0 = Debug|Win32
		{EF371DE4-B8F2-4CDD-A3C3-45C6251A3566}.Release|Win32.ActiveCfg = Release|Win32
		{EF371DE4-B8F2-4CDD-A3C3-45C6251A3566}.Release|Win32.Build.0 = Release|Win32
	EndGlobalSection
	GlobalSection(SolutionProperties) = preSolution
		HideSolutionNode = FALSE
	EndGlobalSection
EndGlobal
